// !$*UTF8*$!
{
	archiveVersion = 1;
	classes = {
	};
	objectVersion = 50;
	objects = {

/* Begin PBXBuildFile section */
		9C0206E22606D81F0007A873 /* ItemListView.swift in Sources */ = {isa = PBXBuildFile; fileRef = 9C0206E12606D81E0007A873 /* ItemListView.swift */; };
		9C0206E62606D9E60007A873 /* ProjectSummaryView.swift in Sources */ = {isa = PBXBuildFile; fileRef = 9C0206E52606D9E60007A873 /* ProjectSummaryView.swift */; };
		9C0797A6262C276C0001BC42 /* ProjectTests.swift in Sources */ = {isa = PBXBuildFile; fileRef = 9C0797A5262C276C0001BC42 /* ProjectTests.swift */; };
		9C0797AA262C2CCB0001BC42 /* AwardTests.swift in Sources */ = {isa = PBXBuildFile; fileRef = 9C0797A9262C2CCB0001BC42 /* AwardTests.swift */; };
		9C0797AE262C37070001BC42 /* DevelopmentTests.swift in Sources */ = {isa = PBXBuildFile; fileRef = 9C0797AD262C37070001BC42 /* DevelopmentTests.swift */; };
		9C0797B2262CE85E0001BC42 /* ExtensionTests.swift in Sources */ = {isa = PBXBuildFile; fileRef = 9C0797B1262CE85E0001BC42 /* ExtensionTests.swift */; };
		9C0797B9262CEFE00001BC42 /* DecodableDictionary.json in Resources */ = {isa = PBXBuildFile; fileRef = 9C0797B8262CEFE00001BC42 /* DecodableDictionary.json */; };
		9C0797BF262CF0320001BC42 /* DecodableString.json in Resources */ = {isa = PBXBuildFile; fileRef = 9C0797BE262CF0320001BC42 /* DecodableString.json */; };
		9C0797C3262CF7F60001BC42 /* PerformanceTests.swift in Sources */ = {isa = PBXBuildFile; fileRef = 9C0797C2262CF7F60001BC42 /* PerformanceTests.swift */; };
		9C0797CD262D01360001BC42 /* UltimatePortfolioUITests.swift in Sources */ = {isa = PBXBuildFile; fileRef = 9C0797CC262D01360001BC42 /* UltimatePortfolioUITests.swift */; };
		9C0797D8262D2B3A0001BC42 /* ProjectsViewModel.swift in Sources */ = {isa = PBXBuildFile; fileRef = 9C0797D7262D2B3A0001BC42 /* ProjectsViewModel.swift */; };
		9C0797DD262D444B0001BC42 /* HomeViewModel.swift in Sources */ = {isa = PBXBuildFile; fileRef = 9C0797DC262D444B0001BC42 /* HomeViewModel.swift */; };
		9C0797E5262D52270001BC42 /* ItemRowViewModel.swift in Sources */ = {isa = PBXBuildFile; fileRef = 9C0797E4262D52270001BC42 /* ItemRowViewModel.swift */; };
		9C382AFC25F4B31D002C9B93 /* UltimatePortfolioApp.swift in Sources */ = {isa = PBXBuildFile; fileRef = 9C382AFB25F4B31D002C9B93 /* UltimatePortfolioApp.swift */; };
		9C382AFE25F4B31D002C9B93 /* ContentView.swift in Sources */ = {isa = PBXBuildFile; fileRef = 9C382AFD25F4B31D002C9B93 /* ContentView.swift */; };
		9C382B0025F4B324002C9B93 /* Assets.xcassets in Resources */ = {isa = PBXBuildFile; fileRef = 9C382AFF25F4B324002C9B93 /* Assets.xcassets */; };
		9C382B0325F4B324002C9B93 /* Preview Assets.xcassets in Resources */ = {isa = PBXBuildFile; fileRef = 9C382B0225F4B324002C9B93 /* Preview Assets.xcassets */; };
		9C382B0D25F4B7CC002C9B93 /* Main.xcdatamodeld in Sources */ = {isa = PBXBuildFile; fileRef = 9C382B0B25F4B7CC002C9B93 /* Main.xcdatamodeld */; };
		9C382B1025F4BFE5002C9B93 /* DataController.swift in Sources */ = {isa = PBXBuildFile; fileRef = 9C382B0F25F4BFE5002C9B93 /* DataController.swift */; };
		9C382B1625F4CE1C002C9B93 /* CloudKit.framework in Frameworks */ = {isa = PBXBuildFile; fileRef = 9C382B1525F4CE1C002C9B93 /* CloudKit.framework */; };
		9C7A35BB25F5D65F00FFABE3 /* Items-CoreDataHelpers.swift in Sources */ = {isa = PBXBuildFile; fileRef = 9C7A35BA25F5D65F00FFABE3 /* Items-CoreDataHelpers.swift */; };
		9C7A35BE25F5D86400FFABE3 /* Project-CoreDataHelpers.swift in Sources */ = {isa = PBXBuildFile; fileRef = 9C7A35BD25F5D86400FFABE3 /* Project-CoreDataHelpers.swift */; };
		9CC6A7AA25F9EEB700BE3D36 /* EditItemView.swift in Sources */ = {isa = PBXBuildFile; fileRef = 9CC6A7A925F9EEB700BE3D36 /* EditItemView.swift */; };
		9CC6A7AD25F9F52E00BE3D36 /* ItemRowView.swift in Sources */ = {isa = PBXBuildFile; fileRef = 9CC6A7AC25F9F52E00BE3D36 /* ItemRowView.swift */; };
		9CC6A7B025F9F7EC00BE3D36 /* Binding-OnChange.swift in Sources */ = {isa = PBXBuildFile; fileRef = 9CC6A7AF25F9F7EC00BE3D36 /* Binding-OnChange.swift */; };
		9CC6A7BA25FB78A300BE3D36 /* ProjectHeaderView.swift in Sources */ = {isa = PBXBuildFile; fileRef = 9CC6A7B925FB78A300BE3D36 /* ProjectHeaderView.swift */; };
		9CC6A7BD25FB7CDF00BE3D36 /* Colors.xcassets in Resources */ = {isa = PBXBuildFile; fileRef = 9CC6A7BC25FB7CDF00BE3D36 /* Colors.xcassets */; };
		9CC6A7C025FB7E6400BE3D36 /* EditProjectView.swift in Sources */ = {isa = PBXBuildFile; fileRef = 9CC6A7BF25FB7E6400BE3D36 /* EditProjectView.swift */; };
		9CC6A7C325FC774B00BE3D36 /* Sequence-Sorting.swift in Sources */ = {isa = PBXBuildFile; fileRef = 9CC6A7C225FC774A00BE3D36 /* Sequence-Sorting.swift */; };
		9CC6A7C725FC93AC00BE3D36 /* SelectSomethingView.swift in Sources */ = {isa = PBXBuildFile; fileRef = 9CC6A7C625FC93AC00BE3D36 /* SelectSomethingView.swift */; };
		9CC6A7CA25FC9ED600BE3D36 /* Bundle-Decodable.swift in Sources */ = {isa = PBXBuildFile; fileRef = 9CC6A7C925FC9ED600BE3D36 /* Bundle-Decodable.swift */; };
		9CC6A7D025FCAF3900BE3D36 /* Award.swift in Sources */ = {isa = PBXBuildFile; fileRef = 9CC6A7CF25FCAF3900BE3D36 /* Award.swift */; };
		9CC6A7D325FCB06000BE3D36 /* AwardsView.swift in Sources */ = {isa = PBXBuildFile; fileRef = 9CC6A7D225FCB06000BE3D36 /* AwardsView.swift */; };
		9CC6A7D725FCC75000BE3D36 /* Color-Additions.swift in Sources */ = {isa = PBXBuildFile; fileRef = 9CC6A7D625FCC75000BE3D36 /* Color-Additions.swift */; };
		9CC6A7E225FF5A5F00BE3D36 /* Localizable.strings in Resources */ = {isa = PBXBuildFile; fileRef = 9CC6A7E425FF5A5F00BE3D36 /* Localizable.strings */; };
		9CC6A7E725FF5D1100BE3D36 /* Localizable.stringsdict in Resources */ = {isa = PBXBuildFile; fileRef = 9CC6A7E925FF5D1100BE3D36 /* Localizable.stringsdict */; };
		9CC6A7ED25FF604800BE3D36 /* Awards.json in Resources */ = {isa = PBXBuildFile; fileRef = 9CC6A7EF25FF604800BE3D36 /* Awards.json */; };
		9CEE39E5262C201B00C77714 /* BaseTestCase.swift in Sources */ = {isa = PBXBuildFile; fileRef = 9CEE39E4262C201B00C77714 /* BaseTestCase.swift */; };
		9CEE39EF262C221D00C77714 /* AssetTest.swift in Sources */ = {isa = PBXBuildFile; fileRef = 9CEE39EE262C221D00C77714 /* AssetTest.swift */; };
		9CFE7AB525F5AEEB001419A9 /* HomeView.swift in Sources */ = {isa = PBXBuildFile; fileRef = 9CFE7AB425F5AEEB001419A9 /* HomeView.swift */; };
		9CFE7AB925F5B093001419A9 /* ProjectsView.swift in Sources */ = {isa = PBXBuildFile; fileRef = 9CFE7AB825F5B093001419A9 /* ProjectsView.swift */; };
/* End PBXBuildFile section */

/* Begin PBXContainerItemProxy section */
		9C0797CF262D01360001BC42 /* PBXContainerItemProxy */ = {
			isa = PBXContainerItemProxy;
			containerPortal = 9C382AF025F4B31D002C9B93 /* Project object */;
			proxyType = 1;
			remoteGlobalIDString = 9C382AF725F4B31D002C9B93;
			remoteInfo = UltimatePortfolio;
		};
		9CEE39E7262C201B00C77714 /* PBXContainerItemProxy */ = {
			isa = PBXContainerItemProxy;
			containerPortal = 9C382AF025F4B31D002C9B93 /* Project object */;
			proxyType = 1;
			remoteGlobalIDString = 9C382AF725F4B31D002C9B93;
			remoteInfo = UltimatePortfolio;
		};
/* End PBXContainerItemProxy section */

/* Begin PBXFileReference section */
		9C0206E12606D81E0007A873 /* ItemListView.swift */ = {isa = PBXFileReference; lastKnownFileType = sourcecode.swift; path = ItemListView.swift; sourceTree = "<group>"; };
		9C0206E52606D9E60007A873 /* ProjectSummaryView.swift */ = {isa = PBXFileReference; lastKnownFileType = sourcecode.swift; path = ProjectSummaryView.swift; sourceTree = "<group>"; };
		9C0797A5262C276C0001BC42 /* ProjectTests.swift */ = {isa = PBXFileReference; lastKnownFileType = sourcecode.swift; path = ProjectTests.swift; sourceTree = "<group>"; };
		9C0797A9262C2CCB0001BC42 /* AwardTests.swift */ = {isa = PBXFileReference; lastKnownFileType = sourcecode.swift; path = AwardTests.swift; sourceTree = "<group>"; };
		9C0797AD262C37070001BC42 /* DevelopmentTests.swift */ = {isa = PBXFileReference; lastKnownFileType = sourcecode.swift; path = DevelopmentTests.swift; sourceTree = "<group>"; };
		9C0797B1262CE85E0001BC42 /* ExtensionTests.swift */ = {isa = PBXFileReference; lastKnownFileType = sourcecode.swift; path = ExtensionTests.swift; sourceTree = "<group>"; };
		9C0797B8262CEFE00001BC42 /* DecodableDictionary.json */ = {isa = PBXFileReference; lastKnownFileType = text.json; path = DecodableDictionary.json; sourceTree = "<group>"; };
		9C0797BE262CF0320001BC42 /* DecodableString.json */ = {isa = PBXFileReference; lastKnownFileType = text.json; path = DecodableString.json; sourceTree = "<group>"; };
		9C0797C2262CF7F60001BC42 /* PerformanceTests.swift */ = {isa = PBXFileReference; lastKnownFileType = sourcecode.swift; path = PerformanceTests.swift; sourceTree = "<group>"; };
		9C0797CA262D01360001BC42 /* UltimatePortfolioUITests.xctest */ = {isa = PBXFileReference; explicitFileType = wrapper.cfbundle; includeInIndex = 0; path = UltimatePortfolioUITests.xctest; sourceTree = BUILT_PRODUCTS_DIR; };
		9C0797CC262D01360001BC42 /* UltimatePortfolioUITests.swift */ = {isa = PBXFileReference; lastKnownFileType = sourcecode.swift; path = UltimatePortfolioUITests.swift; sourceTree = "<group>"; };
		9C0797CE262D01360001BC42 /* Info.plist */ = {isa = PBXFileReference; lastKnownFileType = text.plist.xml; path = Info.plist; sourceTree = "<group>"; };
		9C0797D7262D2B3A0001BC42 /* ProjectsViewModel.swift */ = {isa = PBXFileReference; lastKnownFileType = sourcecode.swift; path = ProjectsViewModel.swift; sourceTree = "<group>"; };
		9C0797DC262D444B0001BC42 /* HomeViewModel.swift */ = {isa = PBXFileReference; lastKnownFileType = sourcecode.swift; path = HomeViewModel.swift; sourceTree = "<group>"; };
		9C0797E4262D52270001BC42 /* ItemRowViewModel.swift */ = {isa = PBXFileReference; lastKnownFileType = sourcecode.swift; path = ItemRowViewModel.swift; sourceTree = "<group>"; };
		9C382AF825F4B31D002C9B93 /* UltimatePortfolio.app */ = {isa = PBXFileReference; explicitFileType = wrapper.application; includeInIndex = 0; path = UltimatePortfolio.app; sourceTree = BUILT_PRODUCTS_DIR; };
		9C382AFB25F4B31D002C9B93 /* UltimatePortfolioApp.swift */ = {isa = PBXFileReference; lastKnownFileType = sourcecode.swift; path = UltimatePortfolioApp.swift; sourceTree = "<group>"; };
		9C382AFD25F4B31D002C9B93 /* ContentView.swift */ = {isa = PBXFileReference; lastKnownFileType = sourcecode.swift; path = ContentView.swift; sourceTree = "<group>"; };
		9C382AFF25F4B324002C9B93 /* Assets.xcassets */ = {isa = PBXFileReference; lastKnownFileType = folder.assetcatalog; path = Assets.xcassets; sourceTree = "<group>"; };
		9C382B0225F4B324002C9B93 /* Preview Assets.xcassets */ = {isa = PBXFileReference; lastKnownFileType = folder.assetcatalog; path = "Preview Assets.xcassets"; sourceTree = "<group>"; };
		9C382B0425F4B324002C9B93 /* Info.plist */ = {isa = PBXFileReference; lastKnownFileType = text.plist.xml; path = Info.plist; sourceTree = "<group>"; };
		9C382B0C25F4B7CC002C9B93 /* Main.xcdatamodel */ = {isa = PBXFileReference; lastKnownFileType = wrapper.xcdatamodel; path = Main.xcdatamodel; sourceTree = "<group>"; };
		9C382B0F25F4BFE5002C9B93 /* DataController.swift */ = {isa = PBXFileReference; lastKnownFileType = sourcecode.swift; path = DataController.swift; sourceTree = "<group>"; };
		9C382B1225F4CDD4002C9B93 /* UltimatePortfolio.entitlements */ = {isa = PBXFileReference; lastKnownFileType = text.plist.entitlements; path = UltimatePortfolio.entitlements; sourceTree = "<group>"; };
		9C382B1525F4CE1C002C9B93 /* CloudKit.framework */ = {isa = PBXFileReference; lastKnownFileType = wrapper.framework; name = CloudKit.framework; path = System/Library/Frameworks/CloudKit.framework; sourceTree = SDKROOT; };
		9C7A35BA25F5D65F00FFABE3 /* Items-CoreDataHelpers.swift */ = {isa = PBXFileReference; lastKnownFileType = sourcecode.swift; path = "Items-CoreDataHelpers.swift"; sourceTree = "<group>"; };
		9C7A35BD25F5D86400FFABE3 /* Project-CoreDataHelpers.swift */ = {isa = PBXFileReference; lastKnownFileType = sourcecode.swift; path = "Project-CoreDataHelpers.swift"; sourceTree = "<group>"; };
		9CC6A7A925F9EEB700BE3D36 /* EditItemView.swift */ = {isa = PBXFileReference; lastKnownFileType = sourcecode.swift; path = EditItemView.swift; sourceTree = "<group>"; };
		9CC6A7AC25F9F52E00BE3D36 /* ItemRowView.swift */ = {isa = PBXFileReference; lastKnownFileType = sourcecode.swift; path = ItemRowView.swift; sourceTree = "<group>"; };
		9CC6A7AF25F9F7EC00BE3D36 /* Binding-OnChange.swift */ = {isa = PBXFileReference; lastKnownFileType = sourcecode.swift; path = "Binding-OnChange.swift"; sourceTree = "<group>"; };
		9CC6A7B925FB78A300BE3D36 /* ProjectHeaderView.swift */ = {isa = PBXFileReference; lastKnownFileType = sourcecode.swift; path = ProjectHeaderView.swift; sourceTree = "<group>"; };
		9CC6A7BC25FB7CDF00BE3D36 /* Colors.xcassets */ = {isa = PBXFileReference; lastKnownFileType = folder.assetcatalog; path = Colors.xcassets; sourceTree = "<group>"; };
		9CC6A7BF25FB7E6400BE3D36 /* EditProjectView.swift */ = {isa = PBXFileReference; lastKnownFileType = sourcecode.swift; path = EditProjectView.swift; sourceTree = "<group>"; };
		9CC6A7C225FC774A00BE3D36 /* Sequence-Sorting.swift */ = {isa = PBXFileReference; lastKnownFileType = sourcecode.swift; path = "Sequence-Sorting.swift"; sourceTree = "<group>"; };
		9CC6A7C625FC93AC00BE3D36 /* SelectSomethingView.swift */ = {isa = PBXFileReference; lastKnownFileType = sourcecode.swift; path = SelectSomethingView.swift; sourceTree = "<group>"; };
		9CC6A7C925FC9ED600BE3D36 /* Bundle-Decodable.swift */ = {isa = PBXFileReference; lastKnownFileType = sourcecode.swift; path = "Bundle-Decodable.swift"; sourceTree = "<group>"; };
		9CC6A7CF25FCAF3900BE3D36 /* Award.swift */ = {isa = PBXFileReference; lastKnownFileType = sourcecode.swift; path = Award.swift; sourceTree = "<group>"; };
		9CC6A7D225FCB06000BE3D36 /* AwardsView.swift */ = {isa = PBXFileReference; lastKnownFileType = sourcecode.swift; path = AwardsView.swift; sourceTree = "<group>"; };
		9CC6A7D625FCC75000BE3D36 /* Color-Additions.swift */ = {isa = PBXFileReference; lastKnownFileType = sourcecode.swift; path = "Color-Additions.swift"; sourceTree = "<group>"; };
		9CC6A7E325FF5A5F00BE3D36 /* en */ = {isa = PBXFileReference; lastKnownFileType = text.plist.strings; name = en; path = en.lproj/Localizable.strings; sourceTree = "<group>"; };
		9CC6A7E625FF5A8600BE3D36 /* pt-BR */ = {isa = PBXFileReference; lastKnownFileType = text.plist.strings; name = "pt-BR"; path = "pt-BR.lproj/Localizable.strings"; sourceTree = "<group>"; };
		9CC6A7E825FF5D1100BE3D36 /* en */ = {isa = PBXFileReference; lastKnownFileType = text.plist.stringsdict; name = en; path = en.lproj/Localizable.stringsdict; sourceTree = "<group>"; };
		9CC6A7EB25FF5D2300BE3D36 /* pt-BR */ = {isa = PBXFileReference; lastKnownFileType = text.plist.stringsdict; name = "pt-BR"; path = "pt-BR.lproj/Localizable.stringsdict"; sourceTree = "<group>"; };
		9CC6A7EE25FF604800BE3D36 /* en */ = {isa = PBXFileReference; lastKnownFileType = text.json; name = en; path = en.lproj/Awards.json; sourceTree = "<group>"; };
		9CC6A7F025FF604E00BE3D36 /* pt-BR */ = {isa = PBXFileReference; lastKnownFileType = text.json; name = "pt-BR"; path = "pt-BR.lproj/Awards.json"; sourceTree = "<group>"; };
		9CEE39E2262C201B00C77714 /* UltimatePortfolioTests.xctest */ = {isa = PBXFileReference; explicitFileType = wrapper.cfbundle; includeInIndex = 0; path = UltimatePortfolioTests.xctest; sourceTree = BUILT_PRODUCTS_DIR; };
		9CEE39E4262C201B00C77714 /* BaseTestCase.swift */ = {isa = PBXFileReference; lastKnownFileType = sourcecode.swift; path = BaseTestCase.swift; sourceTree = "<group>"; };
		9CEE39E6262C201B00C77714 /* Info.plist */ = {isa = PBXFileReference; lastKnownFileType = text.plist.xml; path = Info.plist; sourceTree = "<group>"; };
		9CEE39EE262C221D00C77714 /* AssetTest.swift */ = {isa = PBXFileReference; lastKnownFileType = sourcecode.swift; path = AssetTest.swift; sourceTree = "<group>"; };
		9CFE7AB425F5AEEB001419A9 /* HomeView.swift */ = {isa = PBXFileReference; lastKnownFileType = sourcecode.swift; path = HomeView.swift; sourceTree = "<group>"; };
		9CFE7AB825F5B093001419A9 /* ProjectsView.swift */ = {isa = PBXFileReference; lastKnownFileType = sourcecode.swift; path = ProjectsView.swift; sourceTree = "<group>"; };
/* End PBXFileReference section */

/* Begin PBXFrameworksBuildPhase section */
		9C0797C7262D01360001BC42 /* Frameworks */ = {
			isa = PBXFrameworksBuildPhase;
			buildActionMask = 2147483647;
			files = (
			);
			runOnlyForDeploymentPostprocessing = 0;
		};
		9C382AF525F4B31D002C9B93 /* Frameworks */ = {
			isa = PBXFrameworksBuildPhase;
			buildActionMask = 2147483647;
			files = (
				9C382B1625F4CE1C002C9B93 /* CloudKit.framework in Frameworks */,
			);
			runOnlyForDeploymentPostprocessing = 0;
		};
		9CEE39DF262C201B00C77714 /* Frameworks */ = {
			isa = PBXFrameworksBuildPhase;
			buildActionMask = 2147483647;
			files = (
			);
			runOnlyForDeploymentPostprocessing = 0;
		};
/* End PBXFrameworksBuildPhase section */

/* Begin PBXGroup section */
		9C0797B7262CEF9A0001BC42 /* Fixtures */ = {
			isa = PBXGroup;
			children = (
				9C0797B8262CEFE00001BC42 /* DecodableDictionary.json */,
				9C0797BE262CF0320001BC42 /* DecodableString.json */,
			);
			path = Fixtures;
			sourceTree = "<group>";
		};
		9C0797CB262D01360001BC42 /* UltimatePortfolioUITests */ = {
			isa = PBXGroup;
			children = (
				9C0797CC262D01360001BC42 /* UltimatePortfolioUITests.swift */,
				9C0797CE262D01360001BC42 /* Info.plist */,
			);
			path = UltimatePortfolioUITests;
			sourceTree = "<group>";
		};
		9C1294AC261990DA00AE4D8E /* Extensions */ = {
			isa = PBXGroup;
			children = (
				9C7A35BD25F5D86400FFABE3 /* Project-CoreDataHelpers.swift */,
				9C7A35BA25F5D65F00FFABE3 /* Items-CoreDataHelpers.swift */,
				9CC6A7AF25F9F7EC00BE3D36 /* Binding-OnChange.swift */,
				9CC6A7C225FC774A00BE3D36 /* Sequence-Sorting.swift */,
				9CC6A7C925FC9ED600BE3D36 /* Bundle-Decodable.swift */,
				9CC6A7D625FCC75000BE3D36 /* Color-Additions.swift */,
			);
			path = Extensions;
			sourceTree = "<group>";
		};
		9C1294AD261990E100AE4D8E /* Localization */ = {
			isa = PBXGroup;
			children = (
				9CC6A7E425FF5A5F00BE3D36 /* Localizable.strings */,
				9CC6A7E925FF5D1100BE3D36 /* Localizable.stringsdict */,
			);
			path = Localization;
			sourceTree = "<group>";
		};
		9C1294AE261990E800AE4D8E /* Configuration */ = {
			isa = PBXGroup;
			children = (
				9C382B0425F4B324002C9B93 /* Info.plist */,
				9C382B1225F4CDD4002C9B93 /* UltimatePortfolio.entitlements */,
				9C382B0B25F4B7CC002C9B93 /* Main.xcdatamodeld */,
			);
			path = Configuration;
			sourceTree = "<group>";
		};
		9C1294B22619937000AE4D8E /* Activities */ = {
			isa = PBXGroup;
			children = (
				9C1294B3261993A700AE4D8E /* Home */,
				9C1294B4261993AC00AE4D8E /* Projects */,
				9C1294B5261993B100AE4D8E /* Awards */,
			);
			path = Activities;
			sourceTree = "<group>";
		};
		9C1294B3261993A700AE4D8E /* Home */ = {
			isa = PBXGroup;
			children = (
				9CFE7AB425F5AEEB001419A9 /* HomeView.swift */,
				9C0797DC262D444B0001BC42 /* HomeViewModel.swift */,
				9C0206E12606D81E0007A873 /* ItemListView.swift */,
				9C0206E52606D9E60007A873 /* ProjectSummaryView.swift */,
			);
			path = Home;
			sourceTree = "<group>";
		};
		9C1294B4261993AC00AE4D8E /* Projects */ = {
			isa = PBXGroup;
			children = (
				9CFE7AB825F5B093001419A9 /* ProjectsView.swift */,
				9C0797D7262D2B3A0001BC42 /* ProjectsViewModel.swift */,
				9CC6A7B925FB78A300BE3D36 /* ProjectHeaderView.swift */,
				9CC6A7C625FC93AC00BE3D36 /* SelectSomethingView.swift */,
				9CC6A7AC25F9F52E00BE3D36 /* ItemRowView.swift */,
				9C0797E4262D52270001BC42 /* ItemRowViewModel.swift */,
				9CC6A7BF25FB7E6400BE3D36 /* EditProjectView.swift */,
				9CC6A7A925F9EEB700BE3D36 /* EditItemView.swift */,
			);
			path = Projects;
			sourceTree = "<group>";
		};
		9C1294B5261993B100AE4D8E /* Awards */ = {
			isa = PBXGroup;
			children = (
				9CC6A7D225FCB06000BE3D36 /* AwardsView.swift */,
				9CC6A7CF25FCAF3900BE3D36 /* Award.swift */,
				9CC6A7EF25FF604800BE3D36 /* Awards.json */,
			);
			path = Awards;
			sourceTree = "<group>";
		};
		9C382AEF25F4B31D002C9B93 = {
			isa = PBXGroup;
			children = (
				9C382AFA25F4B31D002C9B93 /* UltimatePortfolio */,
				9CEE39E3262C201B00C77714 /* UltimatePortfolioTests */,
				9C0797CB262D01360001BC42 /* UltimatePortfolioUITests */,
				9C382B1425F4CE1C002C9B93 /* Frameworks */,
				9C382AF925F4B31D002C9B93 /* Products */,
			);
			sourceTree = "<group>";
		};
		9C382AF925F4B31D002C9B93 /* Products */ = {
			isa = PBXGroup;
			children = (
				9C382AF825F4B31D002C9B93 /* UltimatePortfolio.app */,
				9CEE39E2262C201B00C77714 /* UltimatePortfolioTests.xctest */,
				9C0797CA262D01360001BC42 /* UltimatePortfolioUITests.xctest */,
			);
			name = Products;
			sourceTree = "<group>";
		};
		9C382AFA25F4B31D002C9B93 /* UltimatePortfolio */ = {
			isa = PBXGroup;
			children = (
				9C1294B22619937000AE4D8E /* Activities */,
				9C1294AD261990E100AE4D8E /* Localization */,
				9C1294AC261990DA00AE4D8E /* Extensions */,
				9C1294AE261990E800AE4D8E /* Configuration */,
				9C382AFB25F4B31D002C9B93 /* UltimatePortfolioApp.swift */,
				9C382AFD25F4B31D002C9B93 /* ContentView.swift */,
				9C382B0F25F4BFE5002C9B93 /* DataController.swift */,
				9C382AFF25F4B324002C9B93 /* Assets.xcassets */,
				9CC6A7BC25FB7CDF00BE3D36 /* Colors.xcassets */,
				9C382B0125F4B324002C9B93 /* Preview Content */,
			);
			path = UltimatePortfolio;
			sourceTree = "<group>";
		};
		9C382B0125F4B324002C9B93 /* Preview Content */ = {
			isa = PBXGroup;
			children = (
				9C382B0225F4B324002C9B93 /* Preview Assets.xcassets */,
			);
			path = "Preview Content";
			sourceTree = "<group>";
		};
		9C382B1425F4CE1C002C9B93 /* Frameworks */ = {
			isa = PBXGroup;
			children = (
				9C382B1525F4CE1C002C9B93 /* CloudKit.framework */,
			);
			name = Frameworks;
			sourceTree = "<group>";
		};
		9CEE39E3262C201B00C77714 /* UltimatePortfolioTests */ = {
			isa = PBXGroup;
			children = (
				9C0797B7262CEF9A0001BC42 /* Fixtures */,
				9CEE39E4262C201B00C77714 /* BaseTestCase.swift */,
				9CEE39EE262C221D00C77714 /* AssetTest.swift */,
				9C0797A5262C276C0001BC42 /* ProjectTests.swift */,
				9C0797A9262C2CCB0001BC42 /* AwardTests.swift */,
				9C0797AD262C37070001BC42 /* DevelopmentTests.swift */,
				9C0797B1262CE85E0001BC42 /* ExtensionTests.swift */,
				9C0797C2262CF7F60001BC42 /* PerformanceTests.swift */,
				9CEE39E6262C201B00C77714 /* Info.plist */,
			);
			path = UltimatePortfolioTests;
			sourceTree = "<group>";
		};
/* End PBXGroup section */

/* Begin PBXNativeTarget section */
		9C0797C9262D01360001BC42 /* UltimatePortfolioUITests */ = {
			isa = PBXNativeTarget;
			buildConfigurationList = 9C0797D1262D01360001BC42 /* Build configuration list for PBXNativeTarget "UltimatePortfolioUITests" */;
			buildPhases = (
				9C0797C6262D01360001BC42 /* Sources */,
				9C0797C7262D01360001BC42 /* Frameworks */,
				9C0797C8262D01360001BC42 /* Resources */,
			);
			buildRules = (
			);
			dependencies = (
				9C0797D0262D01360001BC42 /* PBXTargetDependency */,
			);
			name = UltimatePortfolioUITests;
			productName = UltimatePortfolioUITests;
			productReference = 9C0797CA262D01360001BC42 /* UltimatePortfolioUITests.xctest */;
			productType = "com.apple.product-type.bundle.ui-testing";
		};
		9C382AF725F4B31D002C9B93 /* UltimatePortfolio */ = {
			isa = PBXNativeTarget;
			buildConfigurationList = 9C382B0725F4B324002C9B93 /* Build configuration list for PBXNativeTarget "UltimatePortfolio" */;
			buildPhases = (
				9C382AF425F4B31D002C9B93 /* Sources */,
				9C0797EC263006900001BC42 /* SwiftLint */,
				9C382AF525F4B31D002C9B93 /* Frameworks */,
				9C382AF625F4B31D002C9B93 /* Resources */,
			);
			buildRules = (
			);
			dependencies = (
			);
			name = UltimatePortfolio;
			productName = UltimatePortfolio;
			productReference = 9C382AF825F4B31D002C9B93 /* UltimatePortfolio.app */;
			productType = "com.apple.product-type.application";
		};
		9CEE39E1262C201B00C77714 /* UltimatePortfolioTests */ = {
			isa = PBXNativeTarget;
			buildConfigurationList = 9CEE39EB262C201B00C77714 /* Build configuration list for PBXNativeTarget "UltimatePortfolioTests" */;
			buildPhases = (
				9CEE39DE262C201B00C77714 /* Sources */,
				9CEE39DF262C201B00C77714 /* Frameworks */,
				9CEE39E0262C201B00C77714 /* Resources */,
			);
			buildRules = (
			);
			dependencies = (
				9CEE39E8262C201B00C77714 /* PBXTargetDependency */,
			);
			name = UltimatePortfolioTests;
			productName = UltimatePortfolioTests;
			productReference = 9CEE39E2262C201B00C77714 /* UltimatePortfolioTests.xctest */;
			productType = "com.apple.product-type.bundle.unit-test";
		};
/* End PBXNativeTarget section */

/* Begin PBXProject section */
		9C382AF025F4B31D002C9B93 /* Project object */ = {
			isa = PBXProject;
			attributes = {
				LastSwiftUpdateCheck = 1240;
				LastUpgradeCheck = 1240;
				TargetAttributes = {
					9C0797C9262D01360001BC42 = {
						CreatedOnToolsVersion = 12.4;
						TestTargetID = 9C382AF725F4B31D002C9B93;
					};
					9C382AF725F4B31D002C9B93 = {
						CreatedOnToolsVersion = 12.4;
					};
					9CEE39E1262C201B00C77714 = {
						CreatedOnToolsVersion = 12.4;
						TestTargetID = 9C382AF725F4B31D002C9B93;
					};
				};
			};
			buildConfigurationList = 9C382AF325F4B31D002C9B93 /* Build configuration list for PBXProject "UltimatePortfolio" */;
			compatibilityVersion = "Xcode 9.3";
			developmentRegion = en;
			hasScannedForEncodings = 0;
			knownRegions = (
				en,
				Base,
				"pt-BR",
			);
			mainGroup = 9C382AEF25F4B31D002C9B93;
			productRefGroup = 9C382AF925F4B31D002C9B93 /* Products */;
			projectDirPath = "";
			projectRoot = "";
			targets = (
				9C382AF725F4B31D002C9B93 /* UltimatePortfolio */,
				9CEE39E1262C201B00C77714 /* UltimatePortfolioTests */,
				9C0797C9262D01360001BC42 /* UltimatePortfolioUITests */,
			);
		};
/* End PBXProject section */

/* Begin PBXResourcesBuildPhase section */
		9C0797C8262D01360001BC42 /* Resources */ = {
			isa = PBXResourcesBuildPhase;
			buildActionMask = 2147483647;
			files = (
			);
			runOnlyForDeploymentPostprocessing = 0;
		};
		9C382AF625F4B31D002C9B93 /* Resources */ = {
			isa = PBXResourcesBuildPhase;
			buildActionMask = 2147483647;
			files = (
				9CC6A7E225FF5A5F00BE3D36 /* Localizable.strings in Resources */,
				9CC6A7BD25FB7CDF00BE3D36 /* Colors.xcassets in Resources */,
				9CC6A7ED25FF604800BE3D36 /* Awards.json in Resources */,
				9C382B0325F4B324002C9B93 /* Preview Assets.xcassets in Resources */,
				9C382B0025F4B324002C9B93 /* Assets.xcassets in Resources */,
				9CC6A7E725FF5D1100BE3D36 /* Localizable.stringsdict in Resources */,
			);
			runOnlyForDeploymentPostprocessing = 0;
		};
		9CEE39E0262C201B00C77714 /* Resources */ = {
			isa = PBXResourcesBuildPhase;
			buildActionMask = 2147483647;
			files = (
				9C0797BF262CF0320001BC42 /* DecodableString.json in Resources */,
				9C0797B9262CEFE00001BC42 /* DecodableDictionary.json in Resources */,
			);
			runOnlyForDeploymentPostprocessing = 0;
		};
/* End PBXResourcesBuildPhase section */

/* Begin PBXShellScriptBuildPhase section */
		9C0797EC263006900001BC42 /* SwiftLint */ = {
			isa = PBXShellScriptBuildPhase;
			buildActionMask = 2147483647;
			files = (
			);
			inputFileListPaths = (
			);
			inputPaths = (
			);
			name = SwiftLint;
			outputFileListPaths = (
			);
			outputPaths = (
			);
			runOnlyForDeploymentPostprocessing = 0;
			shellPath = /bin/sh;
			shellScript = "if which swiftlint >/dev/null; then\n  swiftlint\nelse\n  echo \"warning: SwiftLint not installed, download from https://github.com/realm/SwiftLint\"\nfi\n";
		};
/* End PBXShellScriptBuildPhase section */

/* Begin PBXSourcesBuildPhase section */
		9C0797C6262D01360001BC42 /* Sources */ = {
			isa = PBXSourcesBuildPhase;
			buildActionMask = 2147483647;
			files = (
				9C0797CD262D01360001BC42 /* UltimatePortfolioUITests.swift in Sources */,
			);
			runOnlyForDeploymentPostprocessing = 0;
		};
		9C382AF425F4B31D002C9B93 /* Sources */ = {
			isa = PBXSourcesBuildPhase;
			buildActionMask = 2147483647;
			files = (
				9CFE7AB925F5B093001419A9 /* ProjectsView.swift in Sources */,
				9C0206E62606D9E60007A873 /* ProjectSummaryView.swift in Sources */,
				9CC6A7BA25FB78A300BE3D36 /* ProjectHeaderView.swift in Sources */,
				9CC6A7D325FCB06000BE3D36 /* AwardsView.swift in Sources */,
				9C382B0D25F4B7CC002C9B93 /* Main.xcdatamodeld in Sources */,
				9C0797DD262D444B0001BC42 /* HomeViewModel.swift in Sources */,
				9CC6A7C325FC774B00BE3D36 /* Sequence-Sorting.swift in Sources */,
				9CC6A7D725FCC75000BE3D36 /* Color-Additions.swift in Sources */,
				9C7A35BE25F5D86400FFABE3 /* Project-CoreDataHelpers.swift in Sources */,
				9CC6A7C025FB7E6400BE3D36 /* EditProjectView.swift in Sources */,
				9CC6A7C725FC93AC00BE3D36 /* SelectSomethingView.swift in Sources */,
				9CC6A7D025FCAF3900BE3D36 /* Award.swift in Sources */,
				9C382B1025F4BFE5002C9B93 /* DataController.swift in Sources */,
				9CC6A7AD25F9F52E00BE3D36 /* ItemRowView.swift in Sources */,
				9C382AFE25F4B31D002C9B93 /* ContentView.swift in Sources */,
				9CC6A7B025F9F7EC00BE3D36 /* Binding-OnChange.swift in Sources */,
				9CC6A7CA25FC9ED600BE3D36 /* Bundle-Decodable.swift in Sources */,
				9C0206E22606D81F0007A873 /* ItemListView.swift in Sources */,
				9C7A35BB25F5D65F00FFABE3 /* Items-CoreDataHelpers.swift in Sources */,
				9CFE7AB525F5AEEB001419A9 /* HomeView.swift in Sources */,
				9C0797E5262D52270001BC42 /* ItemRowViewModel.swift in Sources */,
				9C382AFC25F4B31D002C9B93 /* UltimatePortfolioApp.swift in Sources */,
				9C0797D8262D2B3A0001BC42 /* ProjectsViewModel.swift in Sources */,
				9CC6A7AA25F9EEB700BE3D36 /* EditItemView.swift in Sources */,
			);
			runOnlyForDeploymentPostprocessing = 0;
		};
		9CEE39DE262C201B00C77714 /* Sources */ = {
			isa = PBXSourcesBuildPhase;
			buildActionMask = 2147483647;
			files = (
				9C0797C3262CF7F60001BC42 /* PerformanceTests.swift in Sources */,
				9CEE39EF262C221D00C77714 /* AssetTest.swift in Sources */,
				9C0797AA262C2CCB0001BC42 /* AwardTests.swift in Sources */,
				9CEE39E5262C201B00C77714 /* BaseTestCase.swift in Sources */,
				9C0797B2262CE85E0001BC42 /* ExtensionTests.swift in Sources */,
				9C0797A6262C276C0001BC42 /* ProjectTests.swift in Sources */,
				9C0797AE262C37070001BC42 /* DevelopmentTests.swift in Sources */,
			);
			runOnlyForDeploymentPostprocessing = 0;
		};
/* End PBXSourcesBuildPhase section */

/* Begin PBXTargetDependency section */
		9C0797D0262D01360001BC42 /* PBXTargetDependency */ = {
			isa = PBXTargetDependency;
			target = 9C382AF725F4B31D002C9B93 /* UltimatePortfolio */;
			targetProxy = 9C0797CF262D01360001BC42 /* PBXContainerItemProxy */;
		};
		9CEE39E8262C201B00C77714 /* PBXTargetDependency */ = {
			isa = PBXTargetDependency;
			target = 9C382AF725F4B31D002C9B93 /* UltimatePortfolio */;
			targetProxy = 9CEE39E7262C201B00C77714 /* PBXContainerItemProxy */;
		};
/* End PBXTargetDependency section */

/* Begin PBXVariantGroup section */
		9CC6A7E425FF5A5F00BE3D36 /* Localizable.strings */ = {
			isa = PBXVariantGroup;
			children = (
				9CC6A7E325FF5A5F00BE3D36 /* en */,
				9CC6A7E625FF5A8600BE3D36 /* pt-BR */,
			);
			name = Localizable.strings;
			sourceTree = "<group>";
		};
		9CC6A7E925FF5D1100BE3D36 /* Localizable.stringsdict */ = {
			isa = PBXVariantGroup;
			children = (
				9CC6A7E825FF5D1100BE3D36 /* en */,
				9CC6A7EB25FF5D2300BE3D36 /* pt-BR */,
			);
			name = Localizable.stringsdict;
			sourceTree = "<group>";
		};
		9CC6A7EF25FF604800BE3D36 /* Awards.json */ = {
			isa = PBXVariantGroup;
			children = (
				9CC6A7EE25FF604800BE3D36 /* en */,
				9CC6A7F025FF604E00BE3D36 /* pt-BR */,
			);
			name = Awards.json;
			sourceTree = "<group>";
		};
/* End PBXVariantGroup section */

/* Begin XCBuildConfiguration section */
		9C0797D2262D01360001BC42 /* Debug */ = {
			isa = XCBuildConfiguration;
			buildSettings = {
				CODE_SIGN_STYLE = Automatic;
				DEVELOPMENT_TEAM = 3B38BF3GR9;
				INFOPLIST_FILE = UltimatePortfolioUITests/Info.plist;
				LD_RUNPATH_SEARCH_PATHS = (
					"$(inherited)",
					"@executable_path/Frameworks",
					"@loader_path/Frameworks",
				);
				PRODUCT_BUNDLE_IDENTIFIER = com.gustavoeulalio.UltimatePortfolioUITests;
				PRODUCT_NAME = "$(TARGET_NAME)";
				SWIFT_VERSION = 5.0;
				TARGETED_DEVICE_FAMILY = "1,2";
				TEST_TARGET_NAME = UltimatePortfolio;
			};
			name = Debug;
		};
		9C0797D3262D01360001BC42 /* Release */ = {
			isa = XCBuildConfiguration;
			buildSettings = {
				CODE_SIGN_STYLE = Automatic;
				DEVELOPMENT_TEAM = 3B38BF3GR9;
				INFOPLIST_FILE = UltimatePortfolioUITests/Info.plist;
				LD_RUNPATH_SEARCH_PATHS = (
					"$(inherited)",
					"@executable_path/Frameworks",
					"@loader_path/Frameworks",
				);
				PRODUCT_BUNDLE_IDENTIFIER = com.gustavoeulalio.UltimatePortfolioUITests;
				PRODUCT_NAME = "$(TARGET_NAME)";
				SWIFT_VERSION = 5.0;
				TARGETED_DEVICE_FAMILY = "1,2";
				TEST_TARGET_NAME = UltimatePortfolio;
			};
			name = Release;
		};
		9C382B0525F4B324002C9B93 /* Debug */ = {
			isa = XCBuildConfiguration;
			buildSettings = {
				ALWAYS_SEARCH_USER_PATHS = NO;
				CLANG_ANALYZER_NONNULL = YES;
				CLANG_ANALYZER_NUMBER_OBJECT_CONVERSION = YES_AGGRESSIVE;
				CLANG_CXX_LANGUAGE_STANDARD = "gnu++14";
				CLANG_CXX_LIBRARY = "libc++";
				CLANG_ENABLE_MODULES = YES;
				CLANG_ENABLE_OBJC_ARC = YES;
				CLANG_ENABLE_OBJC_WEAK = YES;
				CLANG_WARN_BLOCK_CAPTURE_AUTORELEASING = YES;
				CLANG_WARN_BOOL_CONVERSION = YES;
				CLANG_WARN_COMMA = YES;
				CLANG_WARN_CONSTANT_CONVERSION = YES;
				CLANG_WARN_DEPRECATED_OBJC_IMPLEMENTATIONS = YES;
				CLANG_WARN_DIRECT_OBJC_ISA_USAGE = YES_ERROR;
				CLANG_WARN_DOCUMENTATION_COMMENTS = YES;
				CLANG_WARN_EMPTY_BODY = YES;
				CLANG_WARN_ENUM_CONVERSION = YES;
				CLANG_WARN_INFINITE_RECURSION = YES;
				CLANG_WARN_INT_CONVERSION = YES;
				CLANG_WARN_NON_LITERAL_NULL_CONVERSION = YES;
				CLANG_WARN_OBJC_IMPLICIT_RETAIN_SELF = YES;
				CLANG_WARN_OBJC_LITERAL_CONVERSION = YES;
				CLANG_WARN_OBJC_ROOT_CLASS = YES_ERROR;
				CLANG_WARN_QUOTED_INCLUDE_IN_FRAMEWORK_HEADER = YES;
				CLANG_WARN_RANGE_LOOP_ANALYSIS = YES;
				CLANG_WARN_STRICT_PROTOTYPES = YES;
				CLANG_WARN_SUSPICIOUS_MOVE = YES;
				CLANG_WARN_UNGUARDED_AVAILABILITY = YES_AGGRESSIVE;
				CLANG_WARN_UNREACHABLE_CODE = YES;
				CLANG_WARN__DUPLICATE_METHOD_MATCH = YES;
				COPY_PHASE_STRIP = NO;
				DEBUG_INFORMATION_FORMAT = dwarf;
				ENABLE_STRICT_OBJC_MSGSEND = YES;
				ENABLE_TESTABILITY = YES;
				GCC_C_LANGUAGE_STANDARD = gnu11;
				GCC_DYNAMIC_NO_PIC = NO;
				GCC_NO_COMMON_BLOCKS = YES;
				GCC_OPTIMIZATION_LEVEL = 0;
				GCC_PREPROCESSOR_DEFINITIONS = (
					"DEBUG=1",
					"$(inherited)",
				);
				GCC_WARN_64_TO_32_BIT_CONVERSION = YES;
				GCC_WARN_ABOUT_RETURN_TYPE = YES_ERROR;
				GCC_WARN_UNDECLARED_SELECTOR = YES;
				GCC_WARN_UNINITIALIZED_AUTOS = YES_AGGRESSIVE;
				GCC_WARN_UNUSED_FUNCTION = YES;
				GCC_WARN_UNUSED_VARIABLE = YES;
				IPHONEOS_DEPLOYMENT_TARGET = 14.4;
				MTL_ENABLE_DEBUG_INFO = INCLUDE_SOURCE;
				MTL_FAST_MATH = YES;
				ONLY_ACTIVE_ARCH = YES;
				SDKROOT = iphoneos;
				SWIFT_ACTIVE_COMPILATION_CONDITIONS = DEBUG;
				SWIFT_OPTIMIZATION_LEVEL = "-Onone";
			};
			name = Debug;
		};
		9C382B0625F4B324002C9B93 /* Release */ = {
			isa = XCBuildConfiguration;
			buildSettings = {
				ALWAYS_SEARCH_USER_PATHS = NO;
				CLANG_ANALYZER_NONNULL = YES;
				CLANG_ANALYZER_NUMBER_OBJECT_CONVERSION = YES_AGGRESSIVE;
				CLANG_CXX_LANGUAGE_STANDARD = "gnu++14";
				CLANG_CXX_LIBRARY = "libc++";
				CLANG_ENABLE_MODULES = YES;
				CLANG_ENABLE_OBJC_ARC = YES;
				CLANG_ENABLE_OBJC_WEAK = YES;
				CLANG_WARN_BLOCK_CAPTURE_AUTORELEASING = YES;
				CLANG_WARN_BOOL_CONVERSION = YES;
				CLANG_WARN_COMMA = YES;
				CLANG_WARN_CONSTANT_CONVERSION = YES;
				CLANG_WARN_DEPRECATED_OBJC_IMPLEMENTATIONS = YES;
				CLANG_WARN_DIRECT_OBJC_ISA_USAGE = YES_ERROR;
				CLANG_WARN_DOCUMENTATION_COMMENTS = YES;
				CLANG_WARN_EMPTY_BODY = YES;
				CLANG_WARN_ENUM_CONVERSION = YES;
				CLANG_WARN_INFINITE_RECURSION = YES;
				CLANG_WARN_INT_CONVERSION = YES;
				CLANG_WARN_NON_LITERAL_NULL_CONVERSION = YES;
				CLANG_WARN_OBJC_IMPLICIT_RETAIN_SELF = YES;
				CLANG_WARN_OBJC_LITERAL_CONVERSION = YES;
				CLANG_WARN_OBJC_ROOT_CLASS = YES_ERROR;
				CLANG_WARN_QUOTED_INCLUDE_IN_FRAMEWORK_HEADER = YES;
				CLANG_WARN_RANGE_LOOP_ANALYSIS = YES;
				CLANG_WARN_STRICT_PROTOTYPES = YES;
				CLANG_WARN_SUSPICIOUS_MOVE = YES;
				CLANG_WARN_UNGUARDED_AVAILABILITY = YES_AGGRESSIVE;
				CLANG_WARN_UNREACHABLE_CODE = YES;
				CLANG_WARN__DUPLICATE_METHOD_MATCH = YES;
				COPY_PHASE_STRIP = NO;
				DEBUG_INFORMATION_FORMAT = "dwarf-with-dsym";
				ENABLE_NS_ASSERTIONS = NO;
				ENABLE_STRICT_OBJC_MSGSEND = YES;
				GCC_C_LANGUAGE_STANDARD = gnu11;
				GCC_NO_COMMON_BLOCKS = YES;
				GCC_WARN_64_TO_32_BIT_CONVERSION = YES;
				GCC_WARN_ABOUT_RETURN_TYPE = YES_ERROR;
				GCC_WARN_UNDECLARED_SELECTOR = YES;
				GCC_WARN_UNINITIALIZED_AUTOS = YES_AGGRESSIVE;
				GCC_WARN_UNUSED_FUNCTION = YES;
				GCC_WARN_UNUSED_VARIABLE = YES;
				IPHONEOS_DEPLOYMENT_TARGET = 14.4;
				MTL_ENABLE_DEBUG_INFO = NO;
				MTL_FAST_MATH = YES;
				SDKROOT = iphoneos;
				SWIFT_COMPILATION_MODE = wholemodule;
				SWIFT_OPTIMIZATION_LEVEL = "-O";
				VALIDATE_PRODUCT = YES;
			};
			name = Release;
		};
		9C382B0825F4B324002C9B93 /* Debug */ = {
			isa = XCBuildConfiguration;
			buildSettings = {
				ASSETCATALOG_COMPILER_APPICON_NAME = AppIcon;
				ASSETCATALOG_COMPILER_GLOBAL_ACCENT_COLOR_NAME = AccentColor;
				CODE_SIGN_ENTITLEMENTS = UltimatePortfolio/Configuration/UltimatePortfolio.entitlements;
				CODE_SIGN_STYLE = Automatic;
				DEVELOPMENT_ASSET_PATHS = "\"UltimatePortfolio/Preview Content\"";
				DEVELOPMENT_TEAM = 3B38BF3GR9;
				ENABLE_PREVIEWS = YES;
				INFOPLIST_FILE = UltimatePortfolio/Configuration/Info.plist;
				IPHONEOS_DEPLOYMENT_TARGET = 14.0;
				LD_RUNPATH_SEARCH_PATHS = (
					"$(inherited)",
					"@executable_path/Frameworks",
				);
				PRODUCT_BUNDLE_IDENTIFIER = com.gustavoeulalio.UltimatePortfolio;
				PRODUCT_NAME = "$(TARGET_NAME)";
				SWIFT_VERSION = 5.0;
				TARGETED_DEVICE_FAMILY = "1,2";
			};
			name = Debug;
		};
		9C382B0925F4B324002C9B93 /* Release */ = {
			isa = XCBuildConfiguration;
			buildSettings = {
				ASSETCATALOG_COMPILER_APPICON_NAME = AppIcon;
				ASSETCATALOG_COMPILER_GLOBAL_ACCENT_COLOR_NAME = AccentColor;
				CODE_SIGN_ENTITLEMENTS = UltimatePortfolio/Configuration/UltimatePortfolio.entitlements;
				CODE_SIGN_STYLE = Automatic;
				DEVELOPMENT_ASSET_PATHS = "\"UltimatePortfolio/Preview Content\"";
				DEVELOPMENT_TEAM = 3B38BF3GR9;
				ENABLE_PREVIEWS = YES;
				INFOPLIST_FILE = UltimatePortfolio/Configuration/Info.plist;
				IPHONEOS_DEPLOYMENT_TARGET = 14.0;
				LD_RUNPATH_SEARCH_PATHS = (
					"$(inherited)",
					"@executable_path/Frameworks",
				);
				PRODUCT_BUNDLE_IDENTIFIER = com.gustavoeulalio.UltimatePortfolio;
				PRODUCT_NAME = "$(TARGET_NAME)";
				SWIFT_VERSION = 5.0;
				TARGETED_DEVICE_FAMILY = "1,2";
			};
			name = Release;
		};
		9CEE39E9262C201B00C77714 /* Debug */ = {
			isa = XCBuildConfiguration;
			buildSettings = {
				BUNDLE_LOADER = "$(TEST_HOST)";
				CODE_SIGN_STYLE = Automatic;
				DEVELOPMENT_TEAM = 3B38BF3GR9;
				INFOPLIST_FILE = UltimatePortfolioTests/Info.plist;
				LD_RUNPATH_SEARCH_PATHS = (
					"$(inherited)",
					"@executable_path/Frameworks",
					"@loader_path/Frameworks",
				);
				PRODUCT_BUNDLE_IDENTIFIER = com.gustavoeulalio.UltimatePortfolioTests;
				PRODUCT_NAME = "$(TARGET_NAME)";
				SWIFT_VERSION = 5.0;
				TARGETED_DEVICE_FAMILY = "1,2";
				TEST_HOST = "$(BUILT_PRODUCTS_DIR)/UltimatePortfolio.app/UltimatePortfolio";
			};
			name = Debug;
		};
		9CEE39EA262C201B00C77714 /* Release */ = {
			isa = XCBuildConfiguration;
			buildSettings = {
				BUNDLE_LOADER = "$(TEST_HOST)";
				CODE_SIGN_STYLE = Automatic;
				DEVELOPMENT_TEAM = 3B38BF3GR9;
				INFOPLIST_FILE = UltimatePortfolioTests/Info.plist;
				LD_RUNPATH_SEARCH_PATHS = (
					"$(inherited)",
					"@executable_path/Frameworks",
					"@loader_path/Frameworks",
				);
				PRODUCT_BUNDLE_IDENTIFIER = com.gustavoeulalio.UltimatePortfolioTests;
				PRODUCT_NAME = "$(TARGET_NAME)";
				SWIFT_VERSION = 5.0;
				TARGETED_DEVICE_FAMILY = "1,2";
				TEST_HOST = "$(BUILT_PRODUCTS_DIR)/UltimatePortfolio.app/UltimatePortfolio";
			};
			name = Release;
		};
/* End XCBuildConfiguration section */

/* Begin XCConfigurationList section */
		9C0797D1262D01360001BC42 /* Build configuration list for PBXNativeTarget "UltimatePortfolioUITests" */ = {
			isa = XCConfigurationList;
			buildConfigurations = (
				9C0797D2262D01360001BC42 /* Debug */,
				9C0797D3262D01360001BC42 /* Release */,
			);
			defaultConfigurationIsVisible = 0;
			defaultConfigurationName = Release;
		};
		9C382AF325F4B31D002C9B93 /* Build configuration list for PBXProject "UltimatePortfolio" */ = {
			isa = XCConfigurationList;
			buildConfigurations = (
				9C382B0525F4B324002C9B93 /* Debug */,
				9C382B0625F4B324002C9B93 /* Release */,
			);
			defaultConfigurationIsVisible = 0;
			defaultConfigurationName = Release;
		};
		9C382B0725F4B324002C9B93 /* Build configuration list for PBXNativeTarget "UltimatePortfolio" */ = {
			isa = XCConfigurationList;
			buildConfigurations = (
				9C382B0825F4B324002C9B93 /* Debug */,
				9C382B0925F4B324002C9B93 /* Release */,
			);
			defaultConfigurationIsVisible = 0;
			defaultConfigurationName = Release;
		};
		9CEE39EB262C201B00C77714 /* Build configuration list for PBXNativeTarget "UltimatePortfolioTests" */ = {
			isa = XCConfigurationList;
			buildConfigurations = (
				9CEE39E9262C201B00C77714 /* Debug */,
				9CEE39EA262C201B00C77714 /* Release */,
			);
			defaultConfigurationIsVisible = 0;
			defaultConfigurationName = Release;
		};
/* End XCConfigurationList section */

/* Begin XCVersionGroup section */
		9C382B0B25F4B7CC002C9B93 /* Main.xcdatamodeld */ = {
			isa = XCVersionGroup;
			children = (
				9C382B0C25F4B7CC002C9B93 /* Main.xcdatamodel */,
			);
			currentVersion = 9C382B0C25F4B7CC002C9B93 /* Main.xcdatamodel */;
			path = Main.xcdatamodeld;
			sourceTree = "<group>";
			versionGroupType = wrapper.xcdatamodel;
		};
/* End XCVersionGroup section */
	};
	rootObject = 9C382AF025F4B31D002C9B93 /* Project object */;
}
